
Microsoft Visual Studio Solution File, Format Version 12.00
# Visual Studio Version 17
VisualStudioVersion = 17.11.35327.3
MinimumVisualStudioVersion = 10.0.40219.1
Project("{FAE04EC0-301F-11D3-BF4B-00C04F79EFBC}") = "ARM", "ARM.csproj", "{DAE6025E-48C9-4275-A7AD-B68C581BFA9E}"
EndProject
Global
	GlobalSection(SolutionConfigurationPlatforms) = preSolution
		Debug|Any CPU = Debug|Any CPU
		Release|Any CPU = Release|Any CPU
	EndGlobalSection
	GlobalSection(ProjectConfigurationPlatforms) = postSolution
		{DAE6025E-48C9-4275-A7AD-B68C581BFA9E}.Debug|Any CPU.ActiveCfg = Debug|Any CPU
		{DAE6025E-48C9-4275-A7AD-B68C581BFA9E}.Debug|Any CPU.Build.0 = Debug|Any CPU
		{DAE6025E-48C9-4275-A7AD-B68C581BFA9E}.Release|Any CPU.ActiveCfg = Release|Any CPU
		{DAE6025E-48C9-4275-A7AD-B68C581BFA9E}.Release|Any CPU.Build.0 = Release|Any CPU
	EndGlobalSection
	GlobalSection(SolutionProperties) = preSolution
		HideSolutionNode = FALSE
	EndGlobalSection
	GlobalSection(ExtensibilityGlobals) = postSolution
		SolutionGuid = {A1E415B3-118D-4EFE-9455-70BFAE2FE995}
	EndGlobalSection
EndGlobal
